{
    "_readme": [
        "This file locks the dependencies of your project to a known state",
        "Read more about it at https://getcomposer.org/doc/01-basic-usage.md#installing-dependencies",
        "This file is @generated automatically"
    ],
    "content-hash": "379674ff0799fe12191f6c5d72ff8dce",
    "packages": [
        {
            "name": "meow/core",
            "version": "v0.1.1",
            "source": {
                "type": "git",
                "url": "https://github.com/meowphp/core.git",
                "reference": "0153376cbef0b9f74ce28b73f4e3ccefceb0e23a"
            },
            "dist": {
                "type": "zip",
                "url": "https://api.github.com/repos/meowphp/core/zipball/0153376cbef0b9f74ce28b73f4e3ccefceb0e23a",
                "reference": "0153376cbef0b9f74ce28b73f4e3ccefceb0e23a",
                "shasum": ""
            },
            "require": {
                "meow/di": "^0.1.1",
                "meowphp/routing": "^0.1.0"
            },
            "type": "library",
            "autoload": {
                "psr-4": {
                    "Meow\\Core\\": "src/"
                }
            },
            "notification-url": "https://packagist.org/downloads/",
            "license": [
                "MIT"
            ],
            "authors": [
                {
                    "name": "May Meow",
                    "email": "3164256+MayMeow@users.noreply.github.com"
                }
            ],
            "description": "Meow core library",
            "support": {
                "issues": "https://github.com/meowphp/core/issues",
                "source": "https://github.com/meowphp/core/tree/v0.1.1"
            },
            "time": "2025-04-18T13:53:07+00:00"
        },
        {
            "name": "meow/di",
            "version": "v0.1.1",
            "source": {
                "type": "git",
                "url": "https://github.com/meowphp/di.git",
                "reference": "375618ebf3b5d0489145d126462ade348c63acbf"
            },
            "dist": {
                "type": "zip",
                "url": "https://api.github.com/repos/meowphp/di/zipball/375618ebf3b5d0489145d126462ade348c63acbf",
                "reference": "375618ebf3b5d0489145d126462ade348c63acbf",
                "shasum": ""
            },
            "require": {
                "php": "8.*"
            },
            "require-dev": {
                "phpstan/phpstan": "^1.0",
                "phpunit/phpunit": "^9.5",
                "squizlabs/php_codesniffer": "^3.6"
            },
            "type": "library",
            "autoload": {
                "psr-4": {
                    "Meow\\DI\\": "src/"
                }
            },
            "notification-url": "https://packagist.org/downloads/",
            "license": [
                "MIT"
            ],
            "authors": [
                {
                    "name": "May Meow",
                    "email": "emma@themaymeow.com"
                }
            ],
            "description": "Dependency injection container",
            "support": {
                "issues": "https://github.com/meowphp/di/issues",
                "source": "https://github.com/meowphp/di/tree/v0.1.1"
            },
            "time": "2025-04-18T10:11:37+00:00"
        },
        {
            "name": "meowphp/routing",
            "version": "v0.1.0",
            "source": {
                "type": "git",
                "url": "https://github.com/meowphp/routing.git",
                "reference": "3e37e5617f3d420b806afdc09946f061c1bfa024"
            },
            "dist": {
                "type": "zip",
                "url": "https://api.github.com/repos/meowphp/routing/zipball/3e37e5617f3d420b806afdc09946f061c1bfa024",
                "reference": "3e37e5617f3d420b806afdc09946f061c1bfa024",
                "shasum": ""
            },
            "require": {
                "php": ">=8.0"
            },
            "require-dev": {
                "phpstan/phpstan": "^1.1",
                "phpunit/phpunit": "^9.5",
                "squizlabs/php_codesniffer": "^3.6"
            },
            "suggest": {
                "maymeow/cake-attribute-routing": ">=v0.2.0"
            },
            "type": "library",
            "autoload": {
                "psr-4": {
                    "Meow\\Routing\\": "src/"
                }
            },
            "notification-url": "https://packagist.org/downloads/",
            "license": [
                "MIT"
            ],
            "authors": [
                {
                    "name": "May Meow",
                    "email": "hello@mitsuha.dev"
                }
            ],
            "description": "Extendable router",
            "homepage": "https://github.com/meowphp/routing",
            "support": {
                "issues": "https://github.com/meowphp/routing/issues",
                "source": "https://github.com/meowphp/routing/tree/v0.1.0"
            },
            "time": "2021-11-11T20:53:44+00:00"
        },
        {
            "name": "nette/caching",
            "version": "v3.3.1",
            "source": {
                "type": "git",
                "url": "https://github.com/nette/caching.git",
                "reference": "b37d2c9647b41a9d04f099f10300dc5496c4eb77"
            },
            "dist": {
                "type": "zip",
                "url": "https://api.github.com/repos/nette/caching/zipball/b37d2c9647b41a9d04f099f10300dc5496c4eb77",
                "reference": "b37d2c9647b41a9d04f099f10300dc5496c4eb77",
                "shasum": ""
            },
            "require": {
                "nette/utils": "^4.0",
                "php": "8.0 - 8.4"
            },
            "conflict": {
                "latte/latte": ">=3.0.0 <3.0.12"
            },
            "require-dev": {
                "latte/latte": "^2.11 || ^3.0.12",
                "nette/di": "^3.1 || ^4.0",
                "nette/tester": "^2.4",
                "phpstan/phpstan": "^1.0",
                "psr/simple-cache": "^2.0 || ^3.0",
                "tracy/tracy": "^2.9"
            },
            "suggest": {
                "ext-pdo_sqlite": "to use SQLiteStorage or SQLiteJournal"
            },
            "type": "library",
            "extra": {
                "branch-alias": {
                    "dev-master": "3.3-dev"
                }
            },
            "autoload": {
                "classmap": [
                    "src/"
                ]
            },
            "notification-url": "https://packagist.org/downloads/",
            "license": [
                "BSD-3-Clause",
                "GPL-2.0-only",
                "GPL-3.0-only"
            ],
            "authors": [
                {
                    "name": "David Grudl",
                    "homepage": "https://davidgrudl.com"
                },
                {
                    "name": "Nette Community",
                    "homepage": "https://nette.org/contributors"
                }
            ],
            "description": "⏱ Nette Caching: library with easy-to-use API and many cache backends.",
            "homepage": "https://nette.org",
            "keywords": [
                "cache",
                "journal",
                "memcached",
                "nette",
                "sqlite"
            ],
            "support": {
                "issues": "https://github.com/nette/caching/issues",
                "source": "https://github.com/nette/caching/tree/v3.3.1"
            },
            "time": "2024-08-07T00:01:58+00:00"
        },
        {
            "name": "nette/database",
            "version": "v3.2.6",
            "source": {
                "type": "git",
                "url": "https://github.com/nette/database.git",
                "reference": "cb825ac1cffe1ede98388a9c4e6c4445c26b961d"
            },
            "dist": {
                "type": "zip",
                "url": "https://api.github.com/repos/nette/database/zipball/cb825ac1cffe1ede98388a9c4e6c4445c26b961d",
                "reference": "cb825ac1cffe1ede98388a9c4e6c4445c26b961d",
                "shasum": ""
            },
            "require": {
                "ext-pdo": "*",
                "nette/caching": "^3.2",
                "nette/utils": "^4.0",
                "php": "8.1 - 8.4"
            },
            "require-dev": {
                "jetbrains/phpstorm-attributes": "^1.0",
                "mockery/mockery": "^1.6",
                "nette/di": "^3.1",
                "nette/tester": "^2.5",
                "phpstan/phpstan-nette": "^1.0",
                "tracy/tracy": "^2.9"
            },
            "type": "library",
            "extra": {
                "branch-alias": {
                    "dev-master": "3.2-dev"
                }
            },
            "autoload": {
                "classmap": [
                    "src/"
                ]
            },
            "notification-url": "https://packagist.org/downloads/",
            "license": [
                "BSD-3-Clause",
                "GPL-2.0-only",
                "GPL-3.0-only"
            ],
            "authors": [
                {
                    "name": "David Grudl",
                    "homepage": "https://davidgrudl.com"
                },
                {
                    "name": "Nette Community",
                    "homepage": "https://nette.org/contributors"
                }
            ],
            "description": "💾 Nette Database: layer with a familiar PDO-like API but much more powerful. Building queries, advanced joins, drivers for MySQL, PostgreSQL, SQLite, MS SQL Server and Oracle.",
            "homepage": "https://nette.org",
            "keywords": [
                "database",
                "mssql",
                "mysql",
                "nette",
                "notorm",
                "oracle",
                "pdo",
                "postgresql",
                "queries",
                "sqlite"
            ],
            "support": {
                "issues": "https://github.com/nette/database/issues",
                "source": "https://github.com/nette/database/tree/v3.2.6"
            },
            "time": "2025-01-12T15:33:57+00:00"
        },
        {
            "name": "nette/utils",
            "version": "v4.0.6",
            "source": {
                "type": "git",
                "url": "https://github.com/nette/utils.git",
                "reference": "ce708655043c7050eb050df361c5e313cf708309"
            },
            "dist": {
                "type": "zip",
                "url": "https://api.github.com/repos/nette/utils/zipball/ce708655043c7050eb050df361c5e313cf708309",
                "reference": "ce708655043c7050eb050df361c5e313cf708309",
                "shasum": ""
            },
            "require": {
                "php": "8.0 - 8.4"
            },
            "conflict": {
                "nette/finder": "<3",
                "nette/schema": "<1.2.2"
            },
            "require-dev": {
                "jetbrains/phpstorm-attributes": "dev-master",
                "nette/tester": "^2.5",
                "phpstan/phpstan": "^1.0",
                "tracy/tracy": "^2.9"
            },
            "suggest": {
                "ext-gd": "to use Image",
                "ext-iconv": "to use Strings::webalize(), toAscii(), chr() and reverse()",
                "ext-intl": "to use Strings::webalize(), toAscii(), normalize() and compare()",
                "ext-json": "to use Nette\\Utils\\Json",
                "ext-mbstring": "to use Strings::lower() etc...",
                "ext-tokenizer": "to use Nette\\Utils\\Reflection::getUseStatements()"
            },
            "type": "library",
            "extra": {
                "branch-alias": {
                    "dev-master": "4.0-dev"
                }
            },
            "autoload": {
                "classmap": [
                    "src/"
                ]
            },
            "notification-url": "https://packagist.org/downloads/",
            "license": [
                "BSD-3-Clause",
                "GPL-2.0-only",
                "GPL-3.0-only"
            ],
            "authors": [
                {
                    "name": "David Grudl",
                    "homepage": "https://davidgrudl.com"
                },
                {
                    "name": "Nette Community",
                    "homepage": "https://nette.org/contributors"
                }
            ],
            "description": "🛠  Nette Utils: lightweight utilities for string & array manipulation, image handling, safe JSON encoding/decoding, validation, slug or strong password generating etc.",
            "homepage": "https://nette.org",
            "keywords": [
                "array",
                "core",
                "datetime",
                "images",
                "json",
                "nette",
                "paginator",
                "password",
                "slugify",
                "string",
                "unicode",
                "utf-8",
                "utility",
                "validation"
            ],
            "support": {
                "issues": "https://github.com/nette/utils/issues",
                "source": "https://github.com/nette/utils/tree/v4.0.6"
            },
            "time": "2025-03-30T21:06:30+00:00"
        }
    ],
    "packages-dev": [],
    "aliases": [],
    "minimum-stability": "stable",
    "stability-flags": {},
    "prefer-stable": false,
    "prefer-lowest": false,
    "platform": {
        "php": "8.*"
    },
    "platform-dev": {},
    "plugin-api-version": "2.6.0"
}
